lockfileVersion: '9.0'

settings:
  autoInstallPeers: false
  excludeLinksFromLockfile: false

importers:

  .:
    dependencies:
      dsh-whale-widget:
        specifier: ^0.3.17
        version: 0.3.17

packages:

  dsh-whale-widget@0.3.17:
    resolution: {integrity: sha512-eHB3MNbMyhv1y4Wd5JOB2qyYXQjSKJUZc2Yh8bZZldEzo4LxFCpixQWVeF9K29Bseje/8w59RfBM4+sKbB/Z1w==}

snapshots:

  dsh-whale-widget@0.3.17: {}
